Microsoft Visual Studio Solution File, Format Version 12.00
# Visual Studio Version 17
VisualStudioVersion = 17.14.36109.1
MinimumVisualStudioVersion = 10.0.40219.1
Project("{FAE04EC0-301F-11D3-BF4B-00C04F79EFBC}") = "DAL", "DAL\DAL.csproj", "{12357D34-2A02-1ECD-BC6C-D84ADDC1A72E}"
EndProject
Project("{FAE04EC0-301F-11D3-BF4B-00C04F79EFBC}") = "ScriptManager", "ScriptManager\ScriptManager.csproj", "{BB96F466-38FD-F926-AA98-E5F4804A580E}"
EndProject
Project("{FAE04EC0-301F-11D3-BF4B-00C04F79EFBC}") = "BLL", "BLL\BLL.csproj", "{445B1CF3-FAF1-479A-8FC4-3C5D33541605}"
EndProject
Project("{FAE04EC0-301F-11D3-BF4B-00C04F79EFBC}") = "API", "API\API.csproj", "{F1408ADD-5F74-4B87-853B-BC4E5E9572DF}"
EndProject
Global
	GlobalSection(SolutionConfigurationPlatforms) = preSolution
		Debug|Any CPU = Debug|Any CPU
		Release|Any CPU = Release|Any CPU
	EndGlobalSection
	GlobalSection(ProjectConfigurationPlatforms) = postSolution
		{12357D34-2A02-1ECD-BC6C-D84ADDC1A72E}.Debug|Any CPU.ActiveCfg = Debug|Any CPU
		{12357D34-2A02-1ECD-BC6C-D84ADDC1A72E}.Debug|Any CPU.Build.0 = Debug|Any CPU
		{12357D34-2A02-1ECD-BC6C-D84ADDC1A72E}.Release|Any CPU.ActiveCfg = Release|Any CPU
		{12357D34-2A02-1ECD-BC6C-D84ADDC1A72E}.Release|Any CPU.Build.0 = Release|Any CPU
		{BB96F466-38FD-F926-AA98-E5F4804A580E}.Debug|Any CPU.ActiveCfg = Debug|Any CPU
		{BB96F466-38FD-F926-AA98-E5F4804A580E}.Debug|Any CPU.Build.0 = Debug|Any CPU
		{BB96F466-38FD-F926-AA98-E5F4804A580E}.Release|Any CPU.ActiveCfg = Release|Any CPU
		{BB96F466-38FD-F926-AA98-E5F4804A580E}.Release|Any CPU.Build.0 = Release|Any CPU
		{445B1CF3-FAF1-479A-8FC4-3C5D33541605}.Debug|Any CPU.ActiveCfg = Debug|Any CPU
		{445B1CF3-FAF1-479A-8FC4-3C5D33541605}.Debug|Any CPU.Build.0 = Debug|Any CPU
		{445B1CF3-FAF1-479A-8FC4-3C5D33541605}.Release|Any CPU.ActiveCfg = Release|Any CPU
		{445B1CF3-FAF1-479A-8FC4-3C5D33541605}.Release|Any CPU.Build.0 = Release|Any CPU
		{F1408ADD-5F74-4B87-853B-BC4E5E9572DF}.Debug|Any CPU.ActiveCfg = Debug|Any CPU
		{F1408ADD-5F74-4B87-853B-BC4E5E9572DF}.Debug|Any CPU.Build.0 = Debug|Any CPU
		{F1408ADD-5F74-4B87-853B-BC4E5E9572DF}.Release|Any CPU.ActiveCfg = Release|Any CPU
		{F1408ADD-5F74-4B87-853B-BC4E5E9572DF}.Release|Any CPU.Build.0 = Release|Any CPU
	EndGlobalSection
	GlobalSection(SolutionProperties) = preSolution
		HideSolutionNode = FALSE
	EndGlobalSection
	GlobalSection(ExtensibilityGlobals) = postSolution
		SolutionGuid = {D77A561F-ABA9-4670-AC33-53C52D8151DD}
	EndGlobalSection
EndGlobal
